schema: '2.0'
stages:
  tika-process:
    cmd: python scripts/tika_owui_service_ingestion.py data/vielse/manually_extracted/*
      --out_folder data/vielse/tika_processed
    deps:
    - path: data/vielse/manually_extracted/
      hash: md5
      md5: 2c6813977a3ae27ef47ae3e302cb23bc.dir
      size: 28660297
      nfiles: 8
    - path: scripts/tika_owui_service_ingestion.py
      hash: md5
      md5: 424a4f34e28f43ae3935233b5fa949c1
      size: 1974
    outs:
    - path: data/vielse/tika_processed/
      hash: md5
      md5: 4a42c923d09113cfc9e596236641d6a2.dir
      size: 360429
      nfiles: 8
  docling-process:
    cmd: python scripts/docling_owui_service_ingestion.py data/vielse/manually_extracted/*
      --out_folder data/vielse/docling_processed
    deps:
    - path: data/vielse/manually_extracted/
      hash: md5
      md5: 2c6813977a3ae27ef47ae3e302cb23bc.dir
      size: 28660297
      nfiles: 8
    - path: scripts/docling_owui_service_ingestion.py
      hash: md5
      md5: eede764c6106792a601c1e81f22bfd5a
      size: 1907
    outs:
    - path: data/vielse/docling_processed/
      hash: md5
      md5: 6e39b32c9b0a28496d64b989d835c047.dir
      size: 252602
      nfiles: 8
